PODS:
  - GoogleMaps (2.5.0):
    - GoogleMaps/Maps (= 2.5.0)
  - GoogleMaps/Base (2.5.0)
  - GoogleMaps/Maps (2.5.0):
    - GoogleMaps/Base
  - IQKeyboardManagerSwift (5.0.0)
  - SDWebImage (4.2.3):
    - SDWebImage/Core (= 4.2.3)
  - SDWebImage/Core (4.2.3)
  - SVProgressHUD (2.2.2)
  - TextFieldEffects (1.4.0)

DEPENDENCIES:
  - GoogleMaps
  - IQKeyboardManagerSwift (= 5.0.0)
  - SDWebImage
  - SVProgressHUD
  - TextFieldEffects

SPEC CHECKSUMS:
  GoogleMaps: c087b8e5dfe87ca6ebf59adb9b4894a4146bec4f
  IQKeyboardManagerSwift: 3f340202ebe1a7076279b9b9b3c817243ddb3aab
  SDWebImage: 791bb72962b3492327ddcac4b1880bd1b5458431
  SVProgressHUD: 59b2d3dabacbd051576d21d32293ca7228dc18b0
  TextFieldEffects: 4ee41b5216e674d55fb6ac25107bf1af7629176f

PODFILE CHECKSUM: eb1076a86588ee68325c32f005444cd4f95d69f4

COCOAPODS: 1.4.0
